
Microsoft Visual Studio Solution File, Format Version 12.00
# Visual Studio Version 17
VisualStudioVersion = 17.0.32126.317
MinimumVisualStudioVersion = 10.0.40219.1
Project("{9A19103F-16F7-4668-BE54-9A1E7A4F7556}") = "MOTStatusWebApi", "MOTStatusApp\MOTStatusWebApi.csproj", "{402FF7A5-73D4-4D52-9F70-7113E2FC3FB8}"
EndProject
Global
	GlobalSection(SolutionConfigurationPlatforms) = preSolution
		Debug|Any CPU = Debug|Any CPU
		Release|Any CPU = Release|Any CPU
	EndGlobalSection
	GlobalSection(ProjectConfigurationPlatforms) = postSolution
		{402FF7A5-73D4-4D52-9F70-7113E2FC3FB8}.Debug|Any CPU.ActiveCfg = Debug|Any CPU
		{402FF7A5-73D4-4D52-9F70-7113E2FC3FB8}.Debug|Any CPU.Build.0 = Debug|Any CPU
		{402FF7A5-73D4-4D52-9F70-7113E2FC3FB8}.Release|Any CPU.ActiveCfg = Release|Any CPU
		{402FF7A5-73D4-4D52-9F70-7113E2FC3FB8}.Release|Any CPU.Build.0 = Release|Any CPU
	EndGlobalSection
	GlobalSection(SolutionProperties) = preSolution
		HideSolutionNode = FALSE
	EndGlobalSection
	GlobalSection(ExtensibilityGlobals) = postSolution
		SolutionGuid = {15FC74EE-326A-447C-9C67-28811445A05E}
	EndGlobalSection
EndGlobal
